
Microsoft Visual Studio Solution File, Format Version 12.00
# Visual Studio 15
VisualStudioVersion = 15.0.28010.2003
MinimumVisualStudioVersion = 10.0.40219.1
Project("{FAE04EC0-301F-11D3-BF4B-00C04F79EFBC}") = "Vulkaan", "Vulkaan\Vulkaan.csproj", "{0B329581-B2A3-4E10-B195-80E2E2019B9E}"
EndProject
Project("{FAE04EC0-301F-11D3-BF4B-00C04F79EFBC}") = "Example", "Example\Example.csproj", "{D4A5A0B0-619D-40E1-8920-B98D89FA482E}"
EndProject
Project("{FAE04EC0-301F-11D3-BF4B-00C04F79EFBC}") = "ConsoleExample", "ConsoleExample\ConsoleExample.csproj", "{0EF408F5-349C-42A7-AA92-6F34DC501C25}"
EndProject
Global
	GlobalSection(SolutionConfigurationPlatforms) = preSolution
		Debug|Any CPU = Debug|Any CPU
		Release|Any CPU = Release|Any CPU
	EndGlobalSection
	GlobalSection(ProjectConfigurationPlatforms) = postSolution
		{0B329581-B2A3-4E10-B195-80E2E2019B9E}.Debug|Any CPU.ActiveCfg = Debug|Any CPU
		{0B329581-B2A3-4E10-B195-80E2E2019B9E}.Debug|Any CPU.Build.0 = Debug|Any CPU
		{0B329581-B2A3-4E10-B195-80E2E2019B9E}.Release|Any CPU.ActiveCfg = Release|Any CPU
		{0B329581-B2A3-4E10-B195-80E2E2019B9E}.Release|Any CPU.Build.0 = Release|Any CPU
		{D4A5A0B0-619D-40E1-8920-B98D89FA482E}.Debug|Any CPU.ActiveCfg = Debug|Any CPU
		{D4A5A0B0-619D-40E1-8920-B98D89FA482E}.Debug|Any CPU.Build.0 = Debug|Any CPU
		{D4A5A0B0-619D-40E1-8920-B98D89FA482E}.Release|Any CPU.ActiveCfg = Release|Any CPU
		{D4A5A0B0-619D-40E1-8920-B98D89FA482E}.Release|Any CPU.Build.0 = Release|Any CPU
		{0EF408F5-349C-42A7-AA92-6F34DC501C25}.Debug|Any CPU.ActiveCfg = Debug|Any CPU
		{0EF408F5-349C-42A7-AA92-6F34DC501C25}.Debug|Any CPU.Build.0 = Debug|Any CPU
		{0EF408F5-349C-42A7-AA92-6F34DC501C25}.Release|Any CPU.ActiveCfg = Release|Any CPU
		{0EF408F5-349C-42A7-AA92-6F34DC501C25}.Release|Any CPU.Build.0 = Release|Any CPU
	EndGlobalSection
	GlobalSection(SolutionProperties) = preSolution
		HideSolutionNode = FALSE
	EndGlobalSection
	GlobalSection(ExtensibilityGlobals) = postSolution
		SolutionGuid = {12A9A46A-F2F9-44EC-9D5A-2CD2945B7758}
	EndGlobalSection
EndGlobal
